
Microsoft Visual Studio Solution File, Format Version 12.00
# Visual Studio 15
VisualStudioVersion = 15.0.26430.16
MinimumVisualStudioVersion = 10.0.40219.1
Project("{FAE04EC0-301F-11D3-BF4B-00C04F79EFBC}") = "Cars", "Cars\Cars.csproj", "{0E19E038-524B-4DB0-B3F8-E2FCFCC3433A}"
EndProject
Project("{FAE04EC0-301F-11D3-BF4B-00C04F79EFBC}") = "Cars.BusinessLogic", "Cars.BusinessLogic\Cars.BusinessLogic.csproj", "{FE670769-A1A2-4F64-A3E2-1CF58A76EC4A}"
EndProject
Global
	GlobalSection(SolutionConfigurationPlatforms) = preSolution
		Debug|Any CPU = Debug|Any CPU
		Release|Any CPU = Release|Any CPU
	EndGlobalSection
	GlobalSection(ProjectConfigurationPlatforms) = postSolution
		{0E19E038-524B-4DB0-B3F8-E2FCFCC3433A}.Debug|Any CPU.ActiveCfg = Debug|Any CPU
		{0E19E038-524B-4DB0-B3F8-E2FCFCC3433A}.Debug|Any CPU.Build.0 = Debug|Any CPU
		{0E19E038-524B-4DB0-B3F8-E2FCFCC3433A}.Release|Any CPU.ActiveCfg = Release|Any CPU
		{0E19E038-524B-4DB0-B3F8-E2FCFCC3433A}.Release|Any CPU.Build.0 = Release|Any CPU
		{FE670769-A1A2-4F64-A3E2-1CF58A76EC4A}.Debug|Any CPU.ActiveCfg = Debug|Any CPU
		{FE670769-A1A2-4F64-A3E2-1CF58A76EC4A}.Debug|Any CPU.Build.0 = Debug|Any CPU
		{FE670769-A1A2-4F64-A3E2-1CF58A76EC4A}.Release|Any CPU.ActiveCfg = Release|Any CPU
		{FE670769-A1A2-4F64-A3E2-1CF58A76EC4A}.Release|Any CPU.Build.0 = Release|Any CPU
	EndGlobalSection
	GlobalSection(SolutionProperties) = preSolution
		HideSolutionNode = FALSE
	EndGlobalSection
EndGlobal
